
Microsoft Visual Studio Solution File, Format Version 12.00
# Visual Studio 15
VisualStudioVersion = 15.0.28307.1525
MinimumVisualStudioVersion = 10.0.40219.1
Project("{FAE04EC0-301F-11D3-BF4B-00C04F79EFBC}") = "PersonalSite.UI.MVC", "PersonalSite.UI.MVC\PersonalSite.UI.MVC.csproj", "{42F181AC-C025-4CAD-AD47-2977CBB7EB06}"
EndProject
Global
	GlobalSection(SolutionConfigurationPlatforms) = preSolution
		Debug|Any CPU = Debug|Any CPU
		Release|Any CPU = Release|Any CPU
	EndGlobalSection
	GlobalSection(ProjectConfigurationPlatforms) = postSolution
		{42F181AC-C025-4CAD-AD47-2977CBB7EB06}.Debug|Any CPU.ActiveCfg = Debug|Any CPU
		{42F181AC-C025-4CAD-AD47-2977CBB7EB06}.Debug|Any CPU.Build.0 = Debug|Any CPU
		{42F181AC-C025-4CAD-AD47-2977CBB7EB06}.Release|Any CPU.ActiveCfg = Release|Any CPU
		{42F181AC-C025-4CAD-AD47-2977CBB7EB06}.Release|Any CPU.Build.0 = Release|Any CPU
	EndGlobalSection
	GlobalSection(SolutionProperties) = preSolution
		HideSolutionNode = FALSE
	EndGlobalSection
	GlobalSection(ExtensibilityGlobals) = postSolution
		SolutionGuid = {494B43ED-3E3D-4FB0-A13E-06C53C7AD840}
	EndGlobalSection
EndGlobal
